
Microsoft Visual Studio Solution File, Format Version 12.00
# Visual Studio 15
VisualStudioVersion = 15.0.26430.13
MinimumVisualStudioVersion = 10.0.40219.1
Project("{FAE04EC0-301F-11D3-BF4B-00C04F79EFBC}") = "ExplorerIMG", "ExplorerIMG\ExplorerIMG.csproj", "{AA278FB3-C260-4241-ABA3-DFB23098ACA4}"
EndProject
Project("{2150E333-8FDC-42A3-9474-1A3956D46DE8}") = "OldFiles", "OldFiles", "{DD15D644-507B-40DD-BA4B-7D237BAFF6B6}"
	ProjectSection(SolutionItems) = preProject
		WorkSpace\Old\DefineELF.h = WorkSpace\Old\DefineELF.h
		WorkSpace\Old\ParseELF.cpp = WorkSpace\Old\ParseELF.cpp
		WorkSpace\Old\ParseELF.h = WorkSpace\Old\ParseELF.h
		WorkSpace\Old\ParseELF_Header.cpp = WorkSpace\Old\ParseELF_Header.cpp
		WorkSpace\Old\ParsePE.cpp = WorkSpace\Old\ParsePE.cpp
		WorkSpace\Old\ParsePE.h = WorkSpace\Old\ParsePE.h
		WorkSpace\Old\ParsePE_Section.cpp = WorkSpace\Old\ParsePE_Section.cpp
		WorkSpace\Old\ParsePE_Signature.cpp = WorkSpace\Old\ParsePE_Signature.cpp
		WorkSpace\Old\ParsePE_Version.cpp = WorkSpace\Old\ParsePE_Version.cpp
		WorkSpace\Old\PE_Dir_LoadConfig.cpp = WorkSpace\Old\PE_Dir_LoadConfig.cpp
		WorkSpace\Old\PE_Dir_Resource.cpp = WorkSpace\Old\PE_Dir_Resource.cpp
	EndProjectSection
EndProject
Global
	GlobalSection(SolutionConfigurationPlatforms) = preSolution
		Debug|Any CPU = Debug|Any CPU
		Debug|x86 = Debug|x86
		Release|Any CPU = Release|Any CPU
		Release|x86 = Release|x86
	EndGlobalSection
	GlobalSection(ProjectConfigurationPlatforms) = postSolution
		{AA278FB3-C260-4241-ABA3-DFB23098ACA4}.Debug|Any CPU.ActiveCfg = Debug|Any CPU
		{AA278FB3-C260-4241-ABA3-DFB23098ACA4}.Debug|Any CPU.Build.0 = Debug|Any CPU
		{AA278FB3-C260-4241-ABA3-DFB23098ACA4}.Debug|x86.ActiveCfg = Debug|Any CPU
		{AA278FB3-C260-4241-ABA3-DFB23098ACA4}.Debug|x86.Build.0 = Debug|Any CPU
		{AA278FB3-C260-4241-ABA3-DFB23098ACA4}.Release|Any CPU.ActiveCfg = Release|Any CPU
		{AA278FB3-C260-4241-ABA3-DFB23098ACA4}.Release|Any CPU.Build.0 = Release|Any CPU
		{AA278FB3-C260-4241-ABA3-DFB23098ACA4}.Release|x86.ActiveCfg = Release|Any CPU
		{AA278FB3-C260-4241-ABA3-DFB23098ACA4}.Release|x86.Build.0 = Release|Any CPU
	EndGlobalSection
	GlobalSection(SolutionProperties) = preSolution
		HideSolutionNode = FALSE
	EndGlobalSection
EndGlobal
